// !$*UTF8*$!
{
	archiveVersion = 1;
	classes = {
	};
	objectVersion = 46;
	objects = {

/* Begin PBXBuildFile section */
		4E5C3BDA1B4B5AF200CD35F2 /* AppDelegate.swift in Sources */ = {isa = PBXBuildFile; fileRef = 4E5C3BD91B4B5AF200CD35F2 /* AppDelegate.swift */; };
		4E5C3BDC1B4B5AF200CD35F2 /* ViewController.swift in Sources */ = {isa = PBXBuildFile; fileRef = 4E5C3BDB1B4B5AF200CD35F2 /* ViewController.swift */; };
		4E5C3BDF1B4B5AF300CD35F2 /* Main.storyboard in Resources */ = {isa = PBXBuildFile; fileRef = 4E5C3BDD1B4B5AF300CD35F2 /* Main.storyboard */; };
		4E5C3BE11B4B5AF300CD35F2 /* Images.xcassets in Resources */ = {isa = PBXBuildFile; fileRef = 4E5C3BE01B4B5AF300CD35F2 /* Images.xcassets */; };
		4E5C3BE41B4B5AF300CD35F2 /* LaunchScreen.xib in Resources */ = {isa = PBXBuildFile; fileRef = 4E5C3BE21B4B5AF300CD35F2 /* LaunchScreen.xib */; };
		4E5C3BF01B4B5AF400CD35F2 /* DelegationBasicsTests.swift in Sources */ = {isa = PBXBuildFile; fileRef = 4E5C3BEF1B4B5AF400CD35F2 /* DelegationBasicsTests.swift */; };
		4E5C3BFA1B4B5C5100CD35F2 /* CountUpViewController.swift in Sources */ = {isa = PBXBuildFile; fileRef = 4E5C3BF91B4B5C5100CD35F2 /* CountUpViewController.swift */; };
/* End PBXBuildFile section */

/* Begin PBXContainerItemProxy section */
		4E5C3BEA1B4B5AF300CD35F2 /* PBXContainerItemProxy */ = {
			isa = PBXContainerItemProxy;
			containerPortal = 4E5C3BCC1B4B5AEA00CD35F2 /* Project object */;
			proxyType = 1;
			remoteGlobalIDString = 4E5C3BD31B4B5AED00CD35F2;
			remoteInfo = DelegationBasics;
		};
/* End PBXContainerItemProxy section */

/* Begin PBXFileReference section */
		4E5C3BD41B4B5AF000CD35F2 /* DelegationBasics.app */ = {isa = PBXFileReference; explicitFileType = wrapper.application; includeInIndex = 0; path = DelegationBasics.app; sourceTree = BUILT_PRODUCTS_DIR; };
		4E5C3BD81B4B5AF200CD35F2 /* Info.plist */ = {isa = PBXFileReference; lastKnownFileType = text.plist.xml; path = Info.plist; sourceTree = "<group>"; };
		4E5C3BD91B4B5AF200CD35F2 /* AppDelegate.swift */ = {isa = PBXFileReference; lastKnownFileType = sourcecode.swift; path = AppDelegate.swift; sourceTree = "<group>"; };
		4E5C3BDB1B4B5AF200CD35F2 /* ViewController.swift */ = {isa = PBXFileReference; lastKnownFileType = sourcecode.swift; path = ViewController.swift; sourceTree = "<group>"; };
		4E5C3BDE1B4B5AF300CD35F2 /* Base */ = {isa = PBXFileReference; lastKnownFileType = file.storyboard; name = Base; path = Base.lproj/Main.storyboard; sourceTree = "<group>"; };
		4E5C3BE01B4B5AF300CD35F2 /* Images.xcassets */ = {isa = PBXFileReference; lastKnownFileType = folder.assetcatalog; path = Images.xcassets; sourceTree = "<group>"; };
		4E5C3BE31B4B5AF300CD35F2 /* Base */ = {isa = PBXFileReference; lastKnownFileType = file.xib; name = Base; path = Base.lproj/LaunchScreen.xib; sourceTree = "<group>"; };
		4E5C3BE91B4B5AF300CD35F2 /* DelegationBasicsTests.xctest */ = {isa = PBXFileReference; explicitFileType = wrapper.cfbundle; includeInIndex = 0; path = DelegationBasicsTests.xctest; sourceTree = BUILT_PRODUCTS_DIR; };
		4E5C3BEE1B4B5AF400CD35F2 /* Info.plist */ = {isa = PBXFileReference; lastKnownFileType = text.plist.xml; path = Info.plist; sourceTree = "<group>"; };
		4E5C3BEF1B4B5AF400CD35F2 /* DelegationBasicsTests.swift */ = {isa = PBXFileReference; lastKnownFileType = sourcecode.swift; path = DelegationBasicsTests.swift; sourceTree = "<group>"; };
		4E5C3BF91B4B5C5100CD35F2 /* CountUpViewController.swift */ = {isa = PBXFileReference; fileEncoding = 4; lastKnownFileType = sourcecode.swift; path = CountUpViewController.swift; sourceTree = "<group>"; };
/* End PBXFileReference section */

/* Begin PBXFrameworksBuildPhase section */
		4E5C3BD11B4B5AED00CD35F2 /* Frameworks */ = {
			isa = PBXFrameworksBuildPhase;
			buildActionMask = 2147483647;
			files = (
			);
			runOnlyForDeploymentPostprocessing = 0;
		};
		4E5C3BE61B4B5AF300CD35F2 /* Frameworks */ = {
			isa = PBXFrameworksBuildPhase;
			buildActionMask = 2147483647;
			files = (
			);
			runOnlyForDeploymentPostprocessing = 0;
		};
/* End PBXFrameworksBuildPhase section */

/* Begin PBXGroup section */
		4E5C3BCB1B4B5AE900CD35F2 = {
			isa = PBXGroup;
			children = (
				4E5C3BD61B4B5AF000CD35F2 /* DelegationBasics */,
				4E5C3BEC1B4B5AF300CD35F2 /* DelegationBasicsTests */,
				4E5C3BD51B4B5AF000CD35F2 /* Products */,
			);
			sourceTree = "<group>";
		};
		4E5C3BD51B4B5AF000CD35F2 /* Products */ = {
			isa = PBXGroup;
			children = (
				4E5C3BD41B4B5AF000CD35F2 /* DelegationBasics.app */,
				4E5C3BE91B4B5AF300CD35F2 /* DelegationBasicsTests.xctest */,
			);
			name = Products;
			sourceTree = "<group>";
		};
		4E5C3BD61B4B5AF000CD35F2 /* DelegationBasics */ = {
			isa = PBXGroup;
			children = (
				4E5C3BD91B4B5AF200CD35F2 /* AppDelegate.swift */,
				4E5C3BDB1B4B5AF200CD35F2 /* ViewController.swift */,
				4E5C3BDD1B4B5AF300CD35F2 /* Main.storyboard */,
				4E5C3BF91B4B5C5100CD35F2 /* CountUpViewController.swift */,
				4E5C3BE01B4B5AF300CD35F2 /* Images.xcassets */,
				4E5C3BE21B4B5AF300CD35F2 /* LaunchScreen.xib */,
				4E5C3BD71B4B5AF200CD35F2 /* Supporting Files */,
			);
			path = DelegationBasics;
			sourceTree = "<group>";
		};
		4E5C3BD71B4B5AF200CD35F2 /* Supporting Files */ = {
			isa = PBXGroup;
			children = (
				4E5C3BD81B4B5AF200CD35F2 /* Info.plist */,
			);
			name = "Supporting Files";
			sourceTree = "<group>";
		};
		4E5C3BEC1B4B5AF300CD35F2 /* DelegationBasicsTests */ = {
			isa = PBXGroup;
			children = (
				4E5C3BEF1B4B5AF400CD35F2 /* DelegationBasicsTests.swift */,
				4E5C3BED1B4B5AF400CD35F2 /* Supporting Files */,
			);
			path = DelegationBasicsTests;
			sourceTree = "<group>";
		};
		4E5C3BED1B4B5AF400CD35F2 /* Supporting Files */ = {
			isa = PBXGroup;
			children = (
				4E5C3BEE1B4B5AF400CD35F2 /* Info.plist */,
			);
			name = "Supporting Files";
			sourceTree = "<group>";
		};
/* End PBXGroup section */

/* Begin PBXNativeTarget section */
		4E5C3BD31B4B5AED00CD35F2 /* DelegationBasics */ = {
			isa = PBXNativeTarget;
			buildConfigurationList = 4E5C3BF31B4B5AF400CD35F2 /* Build configuration list for PBXNativeTarget "DelegationBasics" */;
			buildPhases = (
				4E5C3BD01B4B5AED00CD35F2 /* Sources */,
				4E5C3BD11B4B5AED00CD35F2 /* Frameworks */,
				4E5C3BD21B4B5AED00CD35F2 /* Resources */,
			);
			buildRules = (
			);
			dependencies = (
			);
			name = DelegationBasics;
			productName = DelegationBasics;
			productReference = 4E5C3BD41B4B5AF000CD35F2 /* DelegationBasics.app */;
			productType = "com.apple.product-type.application";
		};
		4E5C3BE81B4B5AF300CD35F2 /* DelegationBasicsTests */ = {
			isa = PBXNativeTarget;
			buildConfigurationList = 4E5C3BF61B4B5AF400CD35F2 /* Build configuration list for PBXNativeTarget "DelegationBasicsTests" */;
			buildPhases = (
				4E5C3BE51B4B5AF300CD35F2 /* Sources */,
				4E5C3BE61B4B5AF300CD35F2 /* Frameworks */,
				4E5C3BE71B4B5AF300CD35F2 /* Resources */,
			);
			buildRules = (
			);
			dependencies = (
				4E5C3BEB1B4B5AF300CD35F2 /* PBXTargetDependency */,
			);
			name = DelegationBasicsTests;
			productName = DelegationBasicsTests;
			productReference = 4E5C3BE91B4B5AF300CD35F2 /* DelegationBasicsTests.xctest */;
			productType = "com.apple.product-type.bundle.unit-test";
		};
/* End PBXNativeTarget section */

/* Begin PBXProject section */
		4E5C3BCC1B4B5AEA00CD35F2 /* Project object */ = {
			isa = PBXProject;
			attributes = {
				LastUpgradeCheck = 0630;
				ORGANIZATIONNAME = "Chase Lewis";
				TargetAttributes = {
					4E5C3BD31B4B5AED00CD35F2 = {
						CreatedOnToolsVersion = 6.3.2;
					};
					4E5C3BE81B4B5AF300CD35F2 = {
						CreatedOnToolsVersion = 6.3.2;
						TestTargetID = 4E5C3BD31B4B5AED00CD35F2;
					};
				};
			};
			buildConfigurationList = 4E5C3BCF1B4B5AEA00CD35F2 /* Build configuration list for PBXProject "DelegationBasics" */;
			compatibilityVersion = "Xcode 3.2";
			developmentRegion = English;
			hasScannedForEncodings = 0;
			knownRegions = (
				en,
				Base,
			);
			mainGroup = 4E5C3BCB1B4B5AE900CD35F2;
			productRefGroup = 4E5C3BD51B4B5AF000CD35F2 /* Products */;
			projectDirPath = "";
			projectRoot = "";
			targets = (
				4E5C3BD31B4B5AED00CD35F2 /* DelegationBasics */,
				4E5C3BE81B4B5AF300CD35F2 /* DelegationBasicsTests */,
			);
		};
/* End PBXProject section */

/* Begin PBXResourcesBuildPhase section */
		4E5C3BD21B4B5AED00CD35F2 /* Resources */ = {
			isa = PBXResourcesBuildPhase;
			buildActionMask = 2147483647;
			files = (
				4E5C3BDF1B4B5AF300CD35F2 /* Main.storyboard in Resources */,
				4E5C3BE41B4B5AF300CD35F2 /* LaunchScreen.xib in Resources */,
				4E5C3BE11B4B5AF300CD35F2 /* Images.xcassets in Resources */,
			);
			runOnlyForDeploymentPostprocessing = 0;
		};
		4E5C3BE71B4B5AF300CD35F2 /* Resources */ = {
			isa = PBXResourcesBuildPhase;
			buildActionMask = 2147483647;
			files = (
			);
			runOnlyForDeploymentPostprocessing = 0;
		};
/* End PBXResourcesBuildPhase section */

/* Begin PBXSourcesBuildPhase section */
		4E5C3BD01B4B5AED00CD35F2 /* Sources */ = {
			isa = PBXSourcesBuildPhase;
			buildActionMask = 2147483647;
			files = (
				4E5C3BFA1B4B5C5100CD35F2 /* CountUpViewController.swift in Sources */,
				4E5C3BDC1B4B5AF200CD35F2 /* ViewController.swift in Sources */,
				4E5C3BDA1B4B5AF200CD35F2 /* AppDelegate.swift in Sources */,
			);
			runOnlyForDeploymentPostprocessing = 0;
		};
		4E5C3BE51B4B5AF300CD35F2 /* Sources */ = {
			isa = PBXSourcesBuildPhase;
			buildActionMask = 2147483647;
			files = (
				4E5C3BF01B4B5AF400CD35F2 /* DelegationBasicsTests.swift in Sources */,
			);
			runOnlyForDeploymentPostprocessing = 0;
		};
/* End PBXSourcesBuildPhase section */

/* Begin PBXTargetDependency section */
		4E5C3BEB1B4B5AF300CD35F2 /* PBXTargetDependency */ = {
			isa = PBXTargetDependency;
			target = 4E5C3BD31B4B5AED00CD35F2 /* DelegationBasics */;
			targetProxy = 4E5C3BEA1B4B5AF300CD35F2 /* PBXContainerItemProxy */;
		};
/* End PBXTargetDependency section */

/* Begin PBXVariantGroup section */
		4E5C3BDD1B4B5AF300CD35F2 /* Main.storyboard */ = {
			isa = PBXVariantGroup;
			children = (
				4E5C3BDE1B4B5AF300CD35F2 /* Base */,
			);
			name = Main.storyboard;
			sourceTree = "<group>";
		};
		4E5C3BE21B4B5AF300CD35F2 /* LaunchScreen.xib */ = {
			isa = PBXVariantGroup;
			children = (
				4E5C3BE31B4B5AF300CD35F2 /* Base */,
			);
			name = LaunchScreen.xib;
			sourceTree = "<group>";
		};
/* End PBXVariantGroup section */

/* Begin XCBuildConfiguration section */
		4E5C3BF11B4B5AF400CD35F2 /* Debug */ = {
			isa = XCBuildConfiguration;
			buildSettings = {
				ALWAYS_SEARCH_USER_PATHS = NO;
				CLANG_CXX_LANGUAGE_STANDARD = "gnu++0x";
				CLANG_CXX_LIBRARY = "libc++";
				CLANG_ENABLE_MODULES = YES;
				CLANG_ENABLE_OBJC_ARC = YES;
				CLANG_WARN_BOOL_CONVERSION = YES;
				CLANG_WARN_CONSTANT_CONVERSION = YES;
				CLANG_WARN_DIRECT_OBJC_ISA_USAGE = YES_ERROR;
				CLANG_WARN_EMPTY_BODY = YES;
				CLANG_WARN_ENUM_CONVERSION = YES;
				CLANG_WARN_INT_CONVERSION = YES;
				CLANG_WARN_OBJC_ROOT_CLASS = YES_ERROR;
				CLANG_WARN_UNREACHABLE_CODE = YES;
				CLANG_WARN__DUPLICATE_METHOD_MATCH = YES;
				"CODE_SIGN_IDENTITY[sdk=iphoneos*]" = "iPhone Developer";
				COPY_PHASE_STRIP = NO;
				DEBUG_INFORMATION_FORMAT = "dwarf-with-dsym";
				ENABLE_STRICT_OBJC_MSGSEND = YES;
				GCC_C_LANGUAGE_STANDARD = gnu99;
				GCC_DYNAMIC_NO_PIC = NO;
				GCC_NO_COMMON_BLOCKS = YES;
				GCC_OPTIMIZATION_LEVEL = 0;
				GCC_PREPROCESSOR_DEFINITIONS = (
					"DEBUG=1",
					"$(inherited)",
				);
				GCC_SYMBOLS_PRIVATE_EXTERN = NO;
				GCC_WARN_64_TO_32_BIT_CONVERSION = YES;
				GCC_WARN_ABOUT_RETURN_TYPE = YES_ERROR;
				GCC_WARN_UNDECLARED_SELECTOR = YES;
				GCC_WARN_UNINITIALIZED_AUTOS = YES_AGGRESSIVE;
				GCC_WARN_UNUSED_FUNCTION = YES;
				GCC_WARN_UNUSED_VARIABLE = YES;
				IPHONEOS_DEPLOYMENT_TARGET = 8.3;
				MTL_ENABLE_DEBUG_INFO = YES;
				ONLY_ACTIVE_ARCH = YES;
				SDKROOT = iphoneos;
				SWIFT_OPTIMIZATION_LEVEL = "-Onone";
			};
			name = Debug;
		};
		4E5C3BF21B4B5AF400CD35F2 /* Release */ = {
			isa = XCBuildConfiguration;
			buildSettings = {
				ALWAYS_SEARCH_USER_PATHS = NO;
				CLANG_CXX_LANGUAGE_STANDARD = "gnu++0x";
				CLANG_CXX_LIBRARY = "libc++";
				CLANG_ENABLE_MODULES = YES;
				CLANG_ENABLE_OBJC_ARC = YES;
				CLANG_WARN_BOOL_CONVERSION = YES;
				CLANG_WARN_CONSTANT_CONVERSION = YES;
				CLANG_WARN_DIRECT_OBJC_ISA_USAGE = YES_ERROR;
				CLANG_WARN_EMPTY_BODY = YES;
				CLANG_WARN_ENUM_CONVERSION = YES;
				CLANG_WARN_INT_CONVERSION = YES;
				CLANG_WARN_OBJC_ROOT_CLASS = YES_ERROR;
				CLANG_WARN_UNREACHABLE_CODE = YES;
				CLANG_WARN__DUPLICATE_METHOD_MATCH = YES;
				"CODE_SIGN_IDENTITY[sdk=iphoneos*]" = "iPhone Developer";
				COPY_PHASE_STRIP = NO;
				DEBUG_INFORMATION_FORMAT = "dwarf-with-dsym";
				ENABLE_NS_ASSERTIONS = NO;
				ENABLE_STRICT_OBJC_MSGSEND = YES;
				GCC_C_LANGUAGE_STANDARD = gnu99;
				GCC_NO_COMMON_BLOCKS = YES;
				GCC_WARN_64_TO_32_BIT_CONVERSION = YES;
				GCC_WARN_ABOUT_RETURN_TYPE = YES_ERROR;
				GCC_WARN_UNDECLARED_SELECTOR = YES;
				GCC_WARN_UNINITIALIZED_AUTOS = YES_AGGRESSIVE;
				GCC_WARN_UNUSED_FUNCTION = YES;
				GCC_WARN_UNUSED_VARIABLE = YES;
				IPHONEOS_DEPLOYMENT_TARGET = 8.3;
				MTL_ENABLE_DEBUG_INFO = NO;
				SDKROOT = iphoneos;
				VALIDATE_PRODUCT = YES;
			};
			name = Release;
		};
		4E5C3BF41B4B5AF400CD35F2 /* Debug */ = {
			isa = XCBuildConfiguration;
			buildSettings = {
				ASSETCATALOG_COMPILER_APPICON_NAME = AppIcon;
				INFOPLIST_FILE = DelegationBasics/Info.plist;
				LD_RUNPATH_SEARCH_PATHS = "$(inherited) @executable_path/Frameworks";
				PRODUCT_NAME = "$(TARGET_NAME)";
			};
			name = Debug;
		};
		4E5C3BF51B4B5AF400CD35F2 /* Release */ = {
			isa = XCBuildConfiguration;
			buildSettings = {
				ASSETCATALOG_COMPILER_APPICON_NAME = AppIcon;
				INFOPLIST_FILE = DelegationBasics/Info.plist;
				LD_RUNPATH_SEARCH_PATHS = "$(inherited) @executable_path/Frameworks";
				PRODUCT_NAME = "$(TARGET_NAME)";
			};
			name = Release;
		};
		4E5C3BF71B4B5AF400CD35F2 /* Debug */ = {
			isa = XCBuildConfiguration;
			buildSettings = {
				BUNDLE_LOADER = "$(TEST_HOST)";
				FRAMEWORK_SEARCH_PATHS = (
					"$(SDKROOT)/Developer/Library/Frameworks",
					"$(inherited)",
				);
				GCC_PREPROCESSOR_DEFINITIONS = (
					"DEBUG=1",
					"$(inherited)",
				);
				INFOPLIST_FILE = DelegationBasicsTests/Info.plist;
				LD_RUNPATH_SEARCH_PATHS = "$(inherited) @executable_path/Frameworks @loader_path/Frameworks";
				PRODUCT_NAME = "$(TARGET_NAME)";
				TEST_HOST = "$(BUILT_PRODUCTS_DIR)/DelegationBasics.app/DelegationBasics";
			};
			name = Debug;
		};
		4E5C3BF81B4B5AF400CD35F2 /* Release */ = {
			isa = XCBuildConfiguration;
			buildSettings = {
				BUNDLE_LOADER = "$(TEST_HOST)";
				FRAMEWORK_SEARCH_PATHS = (
					"$(SDKROOT)/Developer/Library/Frameworks",
					"$(inherited)",
				);
				INFOPLIST_FILE = DelegationBasicsTests/Info.plist;
				LD_RUNPATH_SEARCH_PATHS = "$(inherited) @executable_path/Frameworks @loader_path/Frameworks";
				PRODUCT_NAME = "$(TARGET_NAME)";
				TEST_HOST = "$(BUILT_PRODUCTS_DIR)/DelegationBasics.app/DelegationBasics";
			};
			name = Release;
		};
/* End XCBuildConfiguration section */

/* Begin XCConfigurationList section */
		4E5C3BCF1B4B5AEA00CD35F2 /* Build configuration list for PBXProject "DelegationBasics" */ = {
			isa = XCConfigurationList;
			buildConfigurations = (
				4E5C3BF11B4B5AF400CD35F2 /* Debug */,
				4E5C3BF21B4B5AF400CD35F2 /* Release */,
			);
			defaultConfigurationIsVisible = 0;
			defaultConfigurationName = Release;
		};
		4E5C3BF31B4B5AF400CD35F2 /* Build configuration list for PBXNativeTarget "DelegationBasics" */ = {
			isa = XCConfigurationList;
			buildConfigurations = (
				4E5C3BF41B4B5AF400CD35F2 /* Debug */,
				4E5C3BF51B4B5AF400CD35F2 /* Release */,
			);
			defaultConfigurationIsVisible = 0;
		};
		4E5C3BF61B4B5AF400CD35F2 /* Build configuration list for PBXNativeTarget "DelegationBasicsTests" */ = {
			isa = XCConfigurationList;
			buildConfigurations = (
				4E5C3BF71B4B5AF400CD35F2 /* Debug */,
				4E5C3BF81B4B5AF400CD35F2 /* Release */,
			);
			defaultConfigurationIsVisible = 0;
		};
/* End XCConfigurationList section */
	};
	rootObject = 4E5C3BCC1B4B5AEA00CD35F2 /* Project object */;
}
