// !$*UTF8*$!
{
	archiveVersion = 1;
	classes = {
	};
	objectVersion = 46;
	objects = {

/* Begin PBXBuildFile section */
		4EB5E0BD1B60589A0062B9F5 /* AppDelegate.swift in Sources */ = {isa = PBXBuildFile; fileRef = 4EB5E0BC1B60589A0062B9F5 /* AppDelegate.swift */; };
		4EB5E0BF1B60589A0062B9F5 /* ViewController.swift in Sources */ = {isa = PBXBuildFile; fileRef = 4EB5E0BE1B60589A0062B9F5 /* ViewController.swift */; };
		4EB5E0C21B60589A0062B9F5 /* Main.storyboard in Resources */ = {isa = PBXBuildFile; fileRef = 4EB5E0C01B60589A0062B9F5 /* Main.storyboard */; };
		4EB5E0C41B60589A0062B9F5 /* Images.xcassets in Resources */ = {isa = PBXBuildFile; fileRef = 4EB5E0C31B60589A0062B9F5 /* Images.xcassets */; };
		4EB5E0C71B60589A0062B9F5 /* LaunchScreen.xib in Resources */ = {isa = PBXBuildFile; fileRef = 4EB5E0C51B60589A0062B9F5 /* LaunchScreen.xib */; };
		4EB5E0D31B60589B0062B9F5 /* Lesson15UserDefaultsTests.swift in Sources */ = {isa = PBXBuildFile; fileRef = 4EB5E0D21B60589B0062B9F5 /* Lesson15UserDefaultsTests.swift */; };
/* End PBXBuildFile section */

/* Begin PBXContainerItemProxy section */
		4EB5E0CD1B60589B0062B9F5 /* PBXContainerItemProxy */ = {
			isa = PBXContainerItemProxy;
			containerPortal = 4EB5E0AF1B60589A0062B9F5 /* Project object */;
			proxyType = 1;
			remoteGlobalIDString = 4EB5E0B61B60589A0062B9F5;
			remoteInfo = Lesson15UserDefaults;
		};
/* End PBXContainerItemProxy section */

/* Begin PBXFileReference section */
		4EB5E0B71B60589A0062B9F5 /* Lesson15UserDefaults.app */ = {isa = PBXFileReference; explicitFileType = wrapper.application; includeInIndex = 0; path = Lesson15UserDefaults.app; sourceTree = BUILT_PRODUCTS_DIR; };
		4EB5E0BB1B60589A0062B9F5 /* Info.plist */ = {isa = PBXFileReference; lastKnownFileType = text.plist.xml; path = Info.plist; sourceTree = "<group>"; };
		4EB5E0BC1B60589A0062B9F5 /* AppDelegate.swift */ = {isa = PBXFileReference; lastKnownFileType = sourcecode.swift; path = AppDelegate.swift; sourceTree = "<group>"; };
		4EB5E0BE1B60589A0062B9F5 /* ViewController.swift */ = {isa = PBXFileReference; lastKnownFileType = sourcecode.swift; path = ViewController.swift; sourceTree = "<group>"; };
		4EB5E0C11B60589A0062B9F5 /* Base */ = {isa = PBXFileReference; lastKnownFileType = file.storyboard; name = Base; path = Base.lproj/Main.storyboard; sourceTree = "<group>"; };
		4EB5E0C31B60589A0062B9F5 /* Images.xcassets */ = {isa = PBXFileReference; lastKnownFileType = folder.assetcatalog; path = Images.xcassets; sourceTree = "<group>"; };
		4EB5E0C61B60589A0062B9F5 /* Base */ = {isa = PBXFileReference; lastKnownFileType = file.xib; name = Base; path = Base.lproj/LaunchScreen.xib; sourceTree = "<group>"; };
		4EB5E0CC1B60589B0062B9F5 /* Lesson15UserDefaultsTests.xctest */ = {isa = PBXFileReference; explicitFileType = wrapper.cfbundle; includeInIndex = 0; path = Lesson15UserDefaultsTests.xctest; sourceTree = BUILT_PRODUCTS_DIR; };
		4EB5E0D11B60589B0062B9F5 /* Info.plist */ = {isa = PBXFileReference; lastKnownFileType = text.plist.xml; path = Info.plist; sourceTree = "<group>"; };
		4EB5E0D21B60589B0062B9F5 /* Lesson15UserDefaultsTests.swift */ = {isa = PBXFileReference; lastKnownFileType = sourcecode.swift; path = Lesson15UserDefaultsTests.swift; sourceTree = "<group>"; };
/* End PBXFileReference section */

/* Begin PBXFrameworksBuildPhase section */
		4EB5E0B41B60589A0062B9F5 /* Frameworks */ = {
			isa = PBXFrameworksBuildPhase;
			buildActionMask = 2147483647;
			files = (
			);
			runOnlyForDeploymentPostprocessing = 0;
		};
		4EB5E0C91B60589B0062B9F5 /* Frameworks */ = {
			isa = PBXFrameworksBuildPhase;
			buildActionMask = 2147483647;
			files = (
			);
			runOnlyForDeploymentPostprocessing = 0;
		};
/* End PBXFrameworksBuildPhase section */

/* Begin PBXGroup section */
		4EB5E0AE1B60589A0062B9F5 = {
			isa = PBXGroup;
			children = (
				4EB5E0B91B60589A0062B9F5 /* Lesson15UserDefaults */,
				4EB5E0CF1B60589B0062B9F5 /* Lesson15UserDefaultsTests */,
				4EB5E0B81B60589A0062B9F5 /* Products */,
			);
			sourceTree = "<group>";
		};
		4EB5E0B81B60589A0062B9F5 /* Products */ = {
			isa = PBXGroup;
			children = (
				4EB5E0B71B60589A0062B9F5 /* Lesson15UserDefaults.app */,
				4EB5E0CC1B60589B0062B9F5 /* Lesson15UserDefaultsTests.xctest */,
			);
			name = Products;
			sourceTree = "<group>";
		};
		4EB5E0B91B60589A0062B9F5 /* Lesson15UserDefaults */ = {
			isa = PBXGroup;
			children = (
				4EB5E0BC1B60589A0062B9F5 /* AppDelegate.swift */,
				4EB5E0BE1B60589A0062B9F5 /* ViewController.swift */,
				4EB5E0C01B60589A0062B9F5 /* Main.storyboard */,
				4EB5E0C31B60589A0062B9F5 /* Images.xcassets */,
				4EB5E0C51B60589A0062B9F5 /* LaunchScreen.xib */,
				4EB5E0BA1B60589A0062B9F5 /* Supporting Files */,
			);
			path = Lesson15UserDefaults;
			sourceTree = "<group>";
		};
		4EB5E0BA1B60589A0062B9F5 /* Supporting Files */ = {
			isa = PBXGroup;
			children = (
				4EB5E0BB1B60589A0062B9F5 /* Info.plist */,
			);
			name = "Supporting Files";
			sourceTree = "<group>";
		};
		4EB5E0CF1B60589B0062B9F5 /* Lesson15UserDefaultsTests */ = {
			isa = PBXGroup;
			children = (
				4EB5E0D21B60589B0062B9F5 /* Lesson15UserDefaultsTests.swift */,
				4EB5E0D01B60589B0062B9F5 /* Supporting Files */,
			);
			path = Lesson15UserDefaultsTests;
			sourceTree = "<group>";
		};
		4EB5E0D01B60589B0062B9F5 /* Supporting Files */ = {
			isa = PBXGroup;
			children = (
				4EB5E0D11B60589B0062B9F5 /* Info.plist */,
			);
			name = "Supporting Files";
			sourceTree = "<group>";
		};
/* End PBXGroup section */

/* Begin PBXNativeTarget section */
		4EB5E0B61B60589A0062B9F5 /* Lesson15UserDefaults */ = {
			isa = PBXNativeTarget;
			buildConfigurationList = 4EB5E0D61B60589B0062B9F5 /* Build configuration list for PBXNativeTarget "Lesson15UserDefaults" */;
			buildPhases = (
				4EB5E0B31B60589A0062B9F5 /* Sources */,
				4EB5E0B41B60589A0062B9F5 /* Frameworks */,
				4EB5E0B51B60589A0062B9F5 /* Resources */,
			);
			buildRules = (
			);
			dependencies = (
			);
			name = Lesson15UserDefaults;
			productName = Lesson15UserDefaults;
			productReference = 4EB5E0B71B60589A0062B9F5 /* Lesson15UserDefaults.app */;
			productType = "com.apple.product-type.application";
		};
		4EB5E0CB1B60589B0062B9F5 /* Lesson15UserDefaultsTests */ = {
			isa = PBXNativeTarget;
			buildConfigurationList = 4EB5E0D91B60589B0062B9F5 /* Build configuration list for PBXNativeTarget "Lesson15UserDefaultsTests" */;
			buildPhases = (
				4EB5E0C81B60589B0062B9F5 /* Sources */,
				4EB5E0C91B60589B0062B9F5 /* Frameworks */,
				4EB5E0CA1B60589B0062B9F5 /* Resources */,
			);
			buildRules = (
			);
			dependencies = (
				4EB5E0CE1B60589B0062B9F5 /* PBXTargetDependency */,
			);
			name = Lesson15UserDefaultsTests;
			productName = Lesson15UserDefaultsTests;
			productReference = 4EB5E0CC1B60589B0062B9F5 /* Lesson15UserDefaultsTests.xctest */;
			productType = "com.apple.product-type.bundle.unit-test";
		};
/* End PBXNativeTarget section */

/* Begin PBXProject section */
		4EB5E0AF1B60589A0062B9F5 /* Project object */ = {
			isa = PBXProject;
			attributes = {
				LastUpgradeCheck = 0640;
				ORGANIZATIONNAME = "Chase Lewis";
				TargetAttributes = {
					4EB5E0B61B60589A0062B9F5 = {
						CreatedOnToolsVersion = 6.4;
					};
					4EB5E0CB1B60589B0062B9F5 = {
						CreatedOnToolsVersion = 6.4;
						TestTargetID = 4EB5E0B61B60589A0062B9F5;
					};
				};
			};
			buildConfigurationList = 4EB5E0B21B60589A0062B9F5 /* Build configuration list for PBXProject "Lesson15UserDefaults" */;
			compatibilityVersion = "Xcode 3.2";
			developmentRegion = English;
			hasScannedForEncodings = 0;
			knownRegions = (
				en,
				Base,
			);
			mainGroup = 4EB5E0AE1B60589A0062B9F5;
			productRefGroup = 4EB5E0B81B60589A0062B9F5 /* Products */;
			projectDirPath = "";
			projectRoot = "";
			targets = (
				4EB5E0B61B60589A0062B9F5 /* Lesson15UserDefaults */,
				4EB5E0CB1B60589B0062B9F5 /* Lesson15UserDefaultsTests */,
			);
		};
/* End PBXProject section */

/* Begin PBXResourcesBuildPhase section */
		4EB5E0B51B60589A0062B9F5 /* Resources */ = {
			isa = PBXResourcesBuildPhase;
			buildActionMask = 2147483647;
			files = (
				4EB5E0C21B60589A0062B9F5 /* Main.storyboard in Resources */,
				4EB5E0C71B60589A0062B9F5 /* LaunchScreen.xib in Resources */,
				4EB5E0C41B60589A0062B9F5 /* Images.xcassets in Resources */,
			);
			runOnlyForDeploymentPostprocessing = 0;
		};
		4EB5E0CA1B60589B0062B9F5 /* Resources */ = {
			isa = PBXResourcesBuildPhase;
			buildActionMask = 2147483647;
			files = (
			);
			runOnlyForDeploymentPostprocessing = 0;
		};
/* End PBXResourcesBuildPhase section */

/* Begin PBXSourcesBuildPhase section */
		4EB5E0B31B60589A0062B9F5 /* Sources */ = {
			isa = PBXSourcesBuildPhase;
			buildActionMask = 2147483647;
			files = (
				4EB5E0BF1B60589A0062B9F5 /* ViewController.swift in Sources */,
				4EB5E0BD1B60589A0062B9F5 /* AppDelegate.swift in Sources */,
			);
			runOnlyForDeploymentPostprocessing = 0;
		};
		4EB5E0C81B60589B0062B9F5 /* Sources */ = {
			isa = PBXSourcesBuildPhase;
			buildActionMask = 2147483647;
			files = (
				4EB5E0D31B60589B0062B9F5 /* Lesson15UserDefaultsTests.swift in Sources */,
			);
			runOnlyForDeploymentPostprocessing = 0;
		};
/* End PBXSourcesBuildPhase section */

/* Begin PBXTargetDependency section */
		4EB5E0CE1B60589B0062B9F5 /* PBXTargetDependency */ = {
			isa = PBXTargetDependency;
			target = 4EB5E0B61B60589A0062B9F5 /* Lesson15UserDefaults */;
			targetProxy = 4EB5E0CD1B60589B0062B9F5 /* PBXContainerItemProxy */;
		};
/* End PBXTargetDependency section */

/* Begin PBXVariantGroup section */
		4EB5E0C01B60589A0062B9F5 /* Main.storyboard */ = {
			isa = PBXVariantGroup;
			children = (
				4EB5E0C11B60589A0062B9F5 /* Base */,
			);
			name = Main.storyboard;
			sourceTree = "<group>";
		};
		4EB5E0C51B60589A0062B9F5 /* LaunchScreen.xib */ = {
			isa = PBXVariantGroup;
			children = (
				4EB5E0C61B60589A0062B9F5 /* Base */,
			);
			name = LaunchScreen.xib;
			sourceTree = "<group>";
		};
/* End PBXVariantGroup section */

/* Begin XCBuildConfiguration section */
		4EB5E0D41B60589B0062B9F5 /* Debug */ = {
			isa = XCBuildConfiguration;
			buildSettings = {
				ALWAYS_SEARCH_USER_PATHS = NO;
				CLANG_CXX_LANGUAGE_STANDARD = "gnu++0x";
				CLANG_CXX_LIBRARY = "libc++";
				CLANG_ENABLE_MODULES = YES;
				CLANG_ENABLE_OBJC_ARC = YES;
				CLANG_WARN_BOOL_CONVERSION = YES;
				CLANG_WARN_CONSTANT_CONVERSION = YES;
				CLANG_WARN_DIRECT_OBJC_ISA_USAGE = YES_ERROR;
				CLANG_WARN_EMPTY_BODY = YES;
				CLANG_WARN_ENUM_CONVERSION = YES;
				CLANG_WARN_INT_CONVERSION = YES;
				CLANG_WARN_OBJC_ROOT_CLASS = YES_ERROR;
				CLANG_WARN_UNREACHABLE_CODE = YES;
				CLANG_WARN__DUPLICATE_METHOD_MATCH = YES;
				"CODE_SIGN_IDENTITY[sdk=iphoneos*]" = "iPhone Developer";
				COPY_PHASE_STRIP = NO;
				DEBUG_INFORMATION_FORMAT = "dwarf-with-dsym";
				ENABLE_STRICT_OBJC_MSGSEND = YES;
				GCC_C_LANGUAGE_STANDARD = gnu99;
				GCC_DYNAMIC_NO_PIC = NO;
				GCC_NO_COMMON_BLOCKS = YES;
				GCC_OPTIMIZATION_LEVEL = 0;
				GCC_PREPROCESSOR_DEFINITIONS = (
					"DEBUG=1",
					"$(inherited)",
				);
				GCC_SYMBOLS_PRIVATE_EXTERN = NO;
				GCC_WARN_64_TO_32_BIT_CONVERSION = YES;
				GCC_WARN_ABOUT_RETURN_TYPE = YES_ERROR;
				GCC_WARN_UNDECLARED_SELECTOR = YES;
				GCC_WARN_UNINITIALIZED_AUTOS = YES_AGGRESSIVE;
				GCC_WARN_UNUSED_FUNCTION = YES;
				GCC_WARN_UNUSED_VARIABLE = YES;
				IPHONEOS_DEPLOYMENT_TARGET = 8.4;
				MTL_ENABLE_DEBUG_INFO = YES;
				ONLY_ACTIVE_ARCH = YES;
				SDKROOT = iphoneos;
				SWIFT_OPTIMIZATION_LEVEL = "-Onone";
			};
			name = Debug;
		};
		4EB5E0D51B60589B0062B9F5 /* Release */ = {
			isa = XCBuildConfiguration;
			buildSettings = {
				ALWAYS_SEARCH_USER_PATHS = NO;
				CLANG_CXX_LANGUAGE_STANDARD = "gnu++0x";
				CLANG_CXX_LIBRARY = "libc++";
				CLANG_ENABLE_MODULES = YES;
				CLANG_ENABLE_OBJC_ARC = YES;
				CLANG_WARN_BOOL_CONVERSION = YES;
				CLANG_WARN_CONSTANT_CONVERSION = YES;
				CLANG_WARN_DIRECT_OBJC_ISA_USAGE = YES_ERROR;
				CLANG_WARN_EMPTY_BODY = YES;
				CLANG_WARN_ENUM_CONVERSION = YES;
				CLANG_WARN_INT_CONVERSION = YES;
				CLANG_WARN_OBJC_ROOT_CLASS = YES_ERROR;
				CLANG_WARN_UNREACHABLE_CODE = YES;
				CLANG_WARN__DUPLICATE_METHOD_MATCH = YES;
				"CODE_SIGN_IDENTITY[sdk=iphoneos*]" = "iPhone Developer";
				COPY_PHASE_STRIP = NO;
				DEBUG_INFORMATION_FORMAT = "dwarf-with-dsym";
				ENABLE_NS_ASSERTIONS = NO;
				ENABLE_STRICT_OBJC_MSGSEND = YES;
				GCC_C_LANGUAGE_STANDARD = gnu99;
				GCC_NO_COMMON_BLOCKS = YES;
				GCC_WARN_64_TO_32_BIT_CONVERSION = YES;
				GCC_WARN_ABOUT_RETURN_TYPE = YES_ERROR;
				GCC_WARN_UNDECLARED_SELECTOR = YES;
				GCC_WARN_UNINITIALIZED_AUTOS = YES_AGGRESSIVE;
				GCC_WARN_UNUSED_FUNCTION = YES;
				GCC_WARN_UNUSED_VARIABLE = YES;
				IPHONEOS_DEPLOYMENT_TARGET = 8.4;
				MTL_ENABLE_DEBUG_INFO = NO;
				SDKROOT = iphoneos;
				VALIDATE_PRODUCT = YES;
			};
			name = Release;
		};
		4EB5E0D71B60589B0062B9F5 /* Debug */ = {
			isa = XCBuildConfiguration;
			buildSettings = {
				ASSETCATALOG_COMPILER_APPICON_NAME = AppIcon;
				INFOPLIST_FILE = Lesson15UserDefaults/Info.plist;
				LD_RUNPATH_SEARCH_PATHS = "$(inherited) @executable_path/Frameworks";
				PRODUCT_NAME = "$(TARGET_NAME)";
			};
			name = Debug;
		};
		4EB5E0D81B60589B0062B9F5 /* Release */ = {
			isa = XCBuildConfiguration;
			buildSettings = {
				ASSETCATALOG_COMPILER_APPICON_NAME = AppIcon;
				INFOPLIST_FILE = Lesson15UserDefaults/Info.plist;
				LD_RUNPATH_SEARCH_PATHS = "$(inherited) @executable_path/Frameworks";
				PRODUCT_NAME = "$(TARGET_NAME)";
			};
			name = Release;
		};
		4EB5E0DA1B60589B0062B9F5 /* Debug */ = {
			isa = XCBuildConfiguration;
			buildSettings = {
				BUNDLE_LOADER = "$(TEST_HOST)";
				FRAMEWORK_SEARCH_PATHS = (
					"$(SDKROOT)/Developer/Library/Frameworks",
					"$(inherited)",
				);
				GCC_PREPROCESSOR_DEFINITIONS = (
					"DEBUG=1",
					"$(inherited)",
				);
				INFOPLIST_FILE = Lesson15UserDefaultsTests/Info.plist;
				LD_RUNPATH_SEARCH_PATHS = "$(inherited) @executable_path/Frameworks @loader_path/Frameworks";
				PRODUCT_NAME = "$(TARGET_NAME)";
				TEST_HOST = "$(BUILT_PRODUCTS_DIR)/Lesson15UserDefaults.app/Lesson15UserDefaults";
			};
			name = Debug;
		};
		4EB5E0DB1B60589B0062B9F5 /* Release */ = {
			isa = XCBuildConfiguration;
			buildSettings = {
				BUNDLE_LOADER = "$(TEST_HOST)";
				FRAMEWORK_SEARCH_PATHS = (
					"$(SDKROOT)/Developer/Library/Frameworks",
					"$(inherited)",
				);
				INFOPLIST_FILE = Lesson15UserDefaultsTests/Info.plist;
				LD_RUNPATH_SEARCH_PATHS = "$(inherited) @executable_path/Frameworks @loader_path/Frameworks";
				PRODUCT_NAME = "$(TARGET_NAME)";
				TEST_HOST = "$(BUILT_PRODUCTS_DIR)/Lesson15UserDefaults.app/Lesson15UserDefaults";
			};
			name = Release;
		};
/* End XCBuildConfiguration section */

/* Begin XCConfigurationList section */
		4EB5E0B21B60589A0062B9F5 /* Build configuration list for PBXProject "Lesson15UserDefaults" */ = {
			isa = XCConfigurationList;
			buildConfigurations = (
				4EB5E0D41B60589B0062B9F5 /* Debug */,
				4EB5E0D51B60589B0062B9F5 /* Release */,
			);
			defaultConfigurationIsVisible = 0;
			defaultConfigurationName = Release;
		};
		4EB5E0D61B60589B0062B9F5 /* Build configuration list for PBXNativeTarget "Lesson15UserDefaults" */ = {
			isa = XCConfigurationList;
			buildConfigurations = (
				4EB5E0D71B60589B0062B9F5 /* Debug */,
				4EB5E0D81B60589B0062B9F5 /* Release */,
			);
			defaultConfigurationIsVisible = 0;
		};
		4EB5E0D91B60589B0062B9F5 /* Build configuration list for PBXNativeTarget "Lesson15UserDefaultsTests" */ = {
			isa = XCConfigurationList;
			buildConfigurations = (
				4EB5E0DA1B60589B0062B9F5 /* Debug */,
				4EB5E0DB1B60589B0062B9F5 /* Release */,
			);
			defaultConfigurationIsVisible = 0;
		};
/* End XCConfigurationList section */
	};
	rootObject = 4EB5E0AF1B60589A0062B9F5 /* Project object */;
}
