// !$*UTF8*$!
{
	archiveVersion = 1;
	classes = {
	};
	objectVersion = 46;
	objects = {

/* Begin PBXBuildFile section */
		4E7B5BAD1B4DEB9F007D6ABA /* AppDelegate.swift in Sources */ = {isa = PBXBuildFile; fileRef = 4E7B5BAC1B4DEB9F007D6ABA /* AppDelegate.swift */; };
		4E7B5BAF1B4DEB9F007D6ABA /* ViewController.swift in Sources */ = {isa = PBXBuildFile; fileRef = 4E7B5BAE1B4DEB9F007D6ABA /* ViewController.swift */; };
		4E7B5BB21B4DEB9F007D6ABA /* Main.storyboard in Resources */ = {isa = PBXBuildFile; fileRef = 4E7B5BB01B4DEB9F007D6ABA /* Main.storyboard */; };
		4E7B5BB41B4DEB9F007D6ABA /* Images.xcassets in Resources */ = {isa = PBXBuildFile; fileRef = 4E7B5BB31B4DEB9F007D6ABA /* Images.xcassets */; };
		4E7B5BB71B4DEB9F007D6ABA /* LaunchScreen.xib in Resources */ = {isa = PBXBuildFile; fileRef = 4E7B5BB51B4DEB9F007D6ABA /* LaunchScreen.xib */; };
		4E7B5BC31B4DEB9F007D6ABA /* NotificationProjectTests.swift in Sources */ = {isa = PBXBuildFile; fileRef = 4E7B5BC21B4DEB9F007D6ABA /* NotificationProjectTests.swift */; };
		4E7B5BCD1B4DEBD8007D6ABA /* RadioViewController.swift in Sources */ = {isa = PBXBuildFile; fileRef = 4E7B5BCC1B4DEBD8007D6ABA /* RadioViewController.swift */; };
/* End PBXBuildFile section */

/* Begin PBXContainerItemProxy section */
		4E7B5BBD1B4DEB9F007D6ABA /* PBXContainerItemProxy */ = {
			isa = PBXContainerItemProxy;
			containerPortal = 4E7B5B9F1B4DEB9F007D6ABA /* Project object */;
			proxyType = 1;
			remoteGlobalIDString = 4E7B5BA61B4DEB9F007D6ABA;
			remoteInfo = NotificationProject;
		};
/* End PBXContainerItemProxy section */

/* Begin PBXFileReference section */
		4E7B5BA71B4DEB9F007D6ABA /* NotificationProject.app */ = {isa = PBXFileReference; explicitFileType = wrapper.application; includeInIndex = 0; path = NotificationProject.app; sourceTree = BUILT_PRODUCTS_DIR; };
		4E7B5BAB1B4DEB9F007D6ABA /* Info.plist */ = {isa = PBXFileReference; lastKnownFileType = text.plist.xml; path = Info.plist; sourceTree = "<group>"; };
		4E7B5BAC1B4DEB9F007D6ABA /* AppDelegate.swift */ = {isa = PBXFileReference; lastKnownFileType = sourcecode.swift; path = AppDelegate.swift; sourceTree = "<group>"; };
		4E7B5BAE1B4DEB9F007D6ABA /* ViewController.swift */ = {isa = PBXFileReference; lastKnownFileType = sourcecode.swift; path = ViewController.swift; sourceTree = "<group>"; };
		4E7B5BB11B4DEB9F007D6ABA /* Base */ = {isa = PBXFileReference; lastKnownFileType = file.storyboard; name = Base; path = Base.lproj/Main.storyboard; sourceTree = "<group>"; };
		4E7B5BB31B4DEB9F007D6ABA /* Images.xcassets */ = {isa = PBXFileReference; lastKnownFileType = folder.assetcatalog; path = Images.xcassets; sourceTree = "<group>"; };
		4E7B5BB61B4DEB9F007D6ABA /* Base */ = {isa = PBXFileReference; lastKnownFileType = file.xib; name = Base; path = Base.lproj/LaunchScreen.xib; sourceTree = "<group>"; };
		4E7B5BBC1B4DEB9F007D6ABA /* NotificationProjectTests.xctest */ = {isa = PBXFileReference; explicitFileType = wrapper.cfbundle; includeInIndex = 0; path = NotificationProjectTests.xctest; sourceTree = BUILT_PRODUCTS_DIR; };
		4E7B5BC11B4DEB9F007D6ABA /* Info.plist */ = {isa = PBXFileReference; lastKnownFileType = text.plist.xml; path = Info.plist; sourceTree = "<group>"; };
		4E7B5BC21B4DEB9F007D6ABA /* NotificationProjectTests.swift */ = {isa = PBXFileReference; lastKnownFileType = sourcecode.swift; path = NotificationProjectTests.swift; sourceTree = "<group>"; };
		4E7B5BCC1B4DEBD8007D6ABA /* RadioViewController.swift */ = {isa = PBXFileReference; fileEncoding = 4; lastKnownFileType = sourcecode.swift; path = RadioViewController.swift; sourceTree = "<group>"; };
/* End PBXFileReference section */

/* Begin PBXFrameworksBuildPhase section */
		4E7B5BA41B4DEB9F007D6ABA /* Frameworks */ = {
			isa = PBXFrameworksBuildPhase;
			buildActionMask = 2147483647;
			files = (
			);
			runOnlyForDeploymentPostprocessing = 0;
		};
		4E7B5BB91B4DEB9F007D6ABA /* Frameworks */ = {
			isa = PBXFrameworksBuildPhase;
			buildActionMask = 2147483647;
			files = (
			);
			runOnlyForDeploymentPostprocessing = 0;
		};
/* End PBXFrameworksBuildPhase section */

/* Begin PBXGroup section */
		4E7B5B9E1B4DEB9F007D6ABA = {
			isa = PBXGroup;
			children = (
				4E7B5BA91B4DEB9F007D6ABA /* NotificationProject */,
				4E7B5BBF1B4DEB9F007D6ABA /* NotificationProjectTests */,
				4E7B5BA81B4DEB9F007D6ABA /* Products */,
			);
			sourceTree = "<group>";
		};
		4E7B5BA81B4DEB9F007D6ABA /* Products */ = {
			isa = PBXGroup;
			children = (
				4E7B5BA71B4DEB9F007D6ABA /* NotificationProject.app */,
				4E7B5BBC1B4DEB9F007D6ABA /* NotificationProjectTests.xctest */,
			);
			name = Products;
			sourceTree = "<group>";
		};
		4E7B5BA91B4DEB9F007D6ABA /* NotificationProject */ = {
			isa = PBXGroup;
			children = (
				4E7B5BAC1B4DEB9F007D6ABA /* AppDelegate.swift */,
				4E7B5BAE1B4DEB9F007D6ABA /* ViewController.swift */,
				4E7B5BB01B4DEB9F007D6ABA /* Main.storyboard */,
				4E7B5BCC1B4DEBD8007D6ABA /* RadioViewController.swift */,
				4E7B5BB31B4DEB9F007D6ABA /* Images.xcassets */,
				4E7B5BB51B4DEB9F007D6ABA /* LaunchScreen.xib */,
				4E7B5BAA1B4DEB9F007D6ABA /* Supporting Files */,
			);
			path = NotificationProject;
			sourceTree = "<group>";
		};
		4E7B5BAA1B4DEB9F007D6ABA /* Supporting Files */ = {
			isa = PBXGroup;
			children = (
				4E7B5BAB1B4DEB9F007D6ABA /* Info.plist */,
			);
			name = "Supporting Files";
			sourceTree = "<group>";
		};
		4E7B5BBF1B4DEB9F007D6ABA /* NotificationProjectTests */ = {
			isa = PBXGroup;
			children = (
				4E7B5BC21B4DEB9F007D6ABA /* NotificationProjectTests.swift */,
				4E7B5BC01B4DEB9F007D6ABA /* Supporting Files */,
			);
			path = NotificationProjectTests;
			sourceTree = "<group>";
		};
		4E7B5BC01B4DEB9F007D6ABA /* Supporting Files */ = {
			isa = PBXGroup;
			children = (
				4E7B5BC11B4DEB9F007D6ABA /* Info.plist */,
			);
			name = "Supporting Files";
			sourceTree = "<group>";
		};
/* End PBXGroup section */

/* Begin PBXNativeTarget section */
		4E7B5BA61B4DEB9F007D6ABA /* NotificationProject */ = {
			isa = PBXNativeTarget;
			buildConfigurationList = 4E7B5BC61B4DEB9F007D6ABA /* Build configuration list for PBXNativeTarget "NotificationProject" */;
			buildPhases = (
				4E7B5BA31B4DEB9F007D6ABA /* Sources */,
				4E7B5BA41B4DEB9F007D6ABA /* Frameworks */,
				4E7B5BA51B4DEB9F007D6ABA /* Resources */,
			);
			buildRules = (
			);
			dependencies = (
			);
			name = NotificationProject;
			productName = NotificationProject;
			productReference = 4E7B5BA71B4DEB9F007D6ABA /* NotificationProject.app */;
			productType = "com.apple.product-type.application";
		};
		4E7B5BBB1B4DEB9F007D6ABA /* NotificationProjectTests */ = {
			isa = PBXNativeTarget;
			buildConfigurationList = 4E7B5BC91B4DEB9F007D6ABA /* Build configuration list for PBXNativeTarget "NotificationProjectTests" */;
			buildPhases = (
				4E7B5BB81B4DEB9F007D6ABA /* Sources */,
				4E7B5BB91B4DEB9F007D6ABA /* Frameworks */,
				4E7B5BBA1B4DEB9F007D6ABA /* Resources */,
			);
			buildRules = (
			);
			dependencies = (
				4E7B5BBE1B4DEB9F007D6ABA /* PBXTargetDependency */,
			);
			name = NotificationProjectTests;
			productName = NotificationProjectTests;
			productReference = 4E7B5BBC1B4DEB9F007D6ABA /* NotificationProjectTests.xctest */;
			productType = "com.apple.product-type.bundle.unit-test";
		};
/* End PBXNativeTarget section */

/* Begin PBXProject section */
		4E7B5B9F1B4DEB9F007D6ABA /* Project object */ = {
			isa = PBXProject;
			attributes = {
				LastUpgradeCheck = 0640;
				ORGANIZATIONNAME = "Chase Lewis";
				TargetAttributes = {
					4E7B5BA61B4DEB9F007D6ABA = {
						CreatedOnToolsVersion = 6.4;
					};
					4E7B5BBB1B4DEB9F007D6ABA = {
						CreatedOnToolsVersion = 6.4;
						TestTargetID = 4E7B5BA61B4DEB9F007D6ABA;
					};
				};
			};
			buildConfigurationList = 4E7B5BA21B4DEB9F007D6ABA /* Build configuration list for PBXProject "NotificationProject" */;
			compatibilityVersion = "Xcode 3.2";
			developmentRegion = English;
			hasScannedForEncodings = 0;
			knownRegions = (
				en,
				Base,
			);
			mainGroup = 4E7B5B9E1B4DEB9F007D6ABA;
			productRefGroup = 4E7B5BA81B4DEB9F007D6ABA /* Products */;
			projectDirPath = "";
			projectRoot = "";
			targets = (
				4E7B5BA61B4DEB9F007D6ABA /* NotificationProject */,
				4E7B5BBB1B4DEB9F007D6ABA /* NotificationProjectTests */,
			);
		};
/* End PBXProject section */

/* Begin PBXResourcesBuildPhase section */
		4E7B5BA51B4DEB9F007D6ABA /* Resources */ = {
			isa = PBXResourcesBuildPhase;
			buildActionMask = 2147483647;
			files = (
				4E7B5BB21B4DEB9F007D6ABA /* Main.storyboard in Resources */,
				4E7B5BB71B4DEB9F007D6ABA /* LaunchScreen.xib in Resources */,
				4E7B5BB41B4DEB9F007D6ABA /* Images.xcassets in Resources */,
			);
			runOnlyForDeploymentPostprocessing = 0;
		};
		4E7B5BBA1B4DEB9F007D6ABA /* Resources */ = {
			isa = PBXResourcesBuildPhase;
			buildActionMask = 2147483647;
			files = (
			);
			runOnlyForDeploymentPostprocessing = 0;
		};
/* End PBXResourcesBuildPhase section */

/* Begin PBXSourcesBuildPhase section */
		4E7B5BA31B4DEB9F007D6ABA /* Sources */ = {
			isa = PBXSourcesBuildPhase;
			buildActionMask = 2147483647;
			files = (
				4E7B5BAF1B4DEB9F007D6ABA /* ViewController.swift in Sources */,
				4E7B5BAD1B4DEB9F007D6ABA /* AppDelegate.swift in Sources */,
				4E7B5BCD1B4DEBD8007D6ABA /* RadioViewController.swift in Sources */,
			);
			runOnlyForDeploymentPostprocessing = 0;
		};
		4E7B5BB81B4DEB9F007D6ABA /* Sources */ = {
			isa = PBXSourcesBuildPhase;
			buildActionMask = 2147483647;
			files = (
				4E7B5BC31B4DEB9F007D6ABA /* NotificationProjectTests.swift in Sources */,
			);
			runOnlyForDeploymentPostprocessing = 0;
		};
/* End PBXSourcesBuildPhase section */

/* Begin PBXTargetDependency section */
		4E7B5BBE1B4DEB9F007D6ABA /* PBXTargetDependency */ = {
			isa = PBXTargetDependency;
			target = 4E7B5BA61B4DEB9F007D6ABA /* NotificationProject */;
			targetProxy = 4E7B5BBD1B4DEB9F007D6ABA /* PBXContainerItemProxy */;
		};
/* End PBXTargetDependency section */

/* Begin PBXVariantGroup section */
		4E7B5BB01B4DEB9F007D6ABA /* Main.storyboard */ = {
			isa = PBXVariantGroup;
			children = (
				4E7B5BB11B4DEB9F007D6ABA /* Base */,
			);
			name = Main.storyboard;
			sourceTree = "<group>";
		};
		4E7B5BB51B4DEB9F007D6ABA /* LaunchScreen.xib */ = {
			isa = PBXVariantGroup;
			children = (
				4E7B5BB61B4DEB9F007D6ABA /* Base */,
			);
			name = LaunchScreen.xib;
			sourceTree = "<group>";
		};
/* End PBXVariantGroup section */

/* Begin XCBuildConfiguration section */
		4E7B5BC41B4DEB9F007D6ABA /* Debug */ = {
			isa = XCBuildConfiguration;
			buildSettings = {
				ALWAYS_SEARCH_USER_PATHS = NO;
				CLANG_CXX_LANGUAGE_STANDARD = "gnu++0x";
				CLANG_CXX_LIBRARY = "libc++";
				CLANG_ENABLE_MODULES = YES;
				CLANG_ENABLE_OBJC_ARC = YES;
				CLANG_WARN_BOOL_CONVERSION = YES;
				CLANG_WARN_CONSTANT_CONVERSION = YES;
				CLANG_WARN_DIRECT_OBJC_ISA_USAGE = YES_ERROR;
				CLANG_WARN_EMPTY_BODY = YES;
				CLANG_WARN_ENUM_CONVERSION = YES;
				CLANG_WARN_INT_CONVERSION = YES;
				CLANG_WARN_OBJC_ROOT_CLASS = YES_ERROR;
				CLANG_WARN_UNREACHABLE_CODE = YES;
				CLANG_WARN__DUPLICATE_METHOD_MATCH = YES;
				"CODE_SIGN_IDENTITY[sdk=iphoneos*]" = "iPhone Developer";
				COPY_PHASE_STRIP = NO;
				DEBUG_INFORMATION_FORMAT = "dwarf-with-dsym";
				ENABLE_STRICT_OBJC_MSGSEND = YES;
				GCC_C_LANGUAGE_STANDARD = gnu99;
				GCC_DYNAMIC_NO_PIC = NO;
				GCC_NO_COMMON_BLOCKS = YES;
				GCC_OPTIMIZATION_LEVEL = 0;
				GCC_PREPROCESSOR_DEFINITIONS = (
					"DEBUG=1",
					"$(inherited)",
				);
				GCC_SYMBOLS_PRIVATE_EXTERN = NO;
				GCC_WARN_64_TO_32_BIT_CONVERSION = YES;
				GCC_WARN_ABOUT_RETURN_TYPE = YES_ERROR;
				GCC_WARN_UNDECLARED_SELECTOR = YES;
				GCC_WARN_UNINITIALIZED_AUTOS = YES_AGGRESSIVE;
				GCC_WARN_UNUSED_FUNCTION = YES;
				GCC_WARN_UNUSED_VARIABLE = YES;
				IPHONEOS_DEPLOYMENT_TARGET = 8.4;
				MTL_ENABLE_DEBUG_INFO = YES;
				ONLY_ACTIVE_ARCH = YES;
				SDKROOT = iphoneos;
				SWIFT_OPTIMIZATION_LEVEL = "-Onone";
			};
			name = Debug;
		};
		4E7B5BC51B4DEB9F007D6ABA /* Release */ = {
			isa = XCBuildConfiguration;
			buildSettings = {
				ALWAYS_SEARCH_USER_PATHS = NO;
				CLANG_CXX_LANGUAGE_STANDARD = "gnu++0x";
				CLANG_CXX_LIBRARY = "libc++";
				CLANG_ENABLE_MODULES = YES;
				CLANG_ENABLE_OBJC_ARC = YES;
				CLANG_WARN_BOOL_CONVERSION = YES;
				CLANG_WARN_CONSTANT_CONVERSION = YES;
				CLANG_WARN_DIRECT_OBJC_ISA_USAGE = YES_ERROR;
				CLANG_WARN_EMPTY_BODY = YES;
				CLANG_WARN_ENUM_CONVERSION = YES;
				CLANG_WARN_INT_CONVERSION = YES;
				CLANG_WARN_OBJC_ROOT_CLASS = YES_ERROR;
				CLANG_WARN_UNREACHABLE_CODE = YES;
				CLANG_WARN__DUPLICATE_METHOD_MATCH = YES;
				"CODE_SIGN_IDENTITY[sdk=iphoneos*]" = "iPhone Developer";
				COPY_PHASE_STRIP = NO;
				DEBUG_INFORMATION_FORMAT = "dwarf-with-dsym";
				ENABLE_NS_ASSERTIONS = NO;
				ENABLE_STRICT_OBJC_MSGSEND = YES;
				GCC_C_LANGUAGE_STANDARD = gnu99;
				GCC_NO_COMMON_BLOCKS = YES;
				GCC_WARN_64_TO_32_BIT_CONVERSION = YES;
				GCC_WARN_ABOUT_RETURN_TYPE = YES_ERROR;
				GCC_WARN_UNDECLARED_SELECTOR = YES;
				GCC_WARN_UNINITIALIZED_AUTOS = YES_AGGRESSIVE;
				GCC_WARN_UNUSED_FUNCTION = YES;
				GCC_WARN_UNUSED_VARIABLE = YES;
				IPHONEOS_DEPLOYMENT_TARGET = 8.4;
				MTL_ENABLE_DEBUG_INFO = NO;
				SDKROOT = iphoneos;
				VALIDATE_PRODUCT = YES;
			};
			name = Release;
		};
		4E7B5BC71B4DEB9F007D6ABA /* Debug */ = {
			isa = XCBuildConfiguration;
			buildSettings = {
				ASSETCATALOG_COMPILER_APPICON_NAME = AppIcon;
				INFOPLIST_FILE = NotificationProject/Info.plist;
				LD_RUNPATH_SEARCH_PATHS = "$(inherited) @executable_path/Frameworks";
				PRODUCT_NAME = "$(TARGET_NAME)";
			};
			name = Debug;
		};
		4E7B5BC81B4DEB9F007D6ABA /* Release */ = {
			isa = XCBuildConfiguration;
			buildSettings = {
				ASSETCATALOG_COMPILER_APPICON_NAME = AppIcon;
				INFOPLIST_FILE = NotificationProject/Info.plist;
				LD_RUNPATH_SEARCH_PATHS = "$(inherited) @executable_path/Frameworks";
				PRODUCT_NAME = "$(TARGET_NAME)";
			};
			name = Release;
		};
		4E7B5BCA1B4DEB9F007D6ABA /* Debug */ = {
			isa = XCBuildConfiguration;
			buildSettings = {
				BUNDLE_LOADER = "$(TEST_HOST)";
				FRAMEWORK_SEARCH_PATHS = (
					"$(SDKROOT)/Developer/Library/Frameworks",
					"$(inherited)",
				);
				GCC_PREPROCESSOR_DEFINITIONS = (
					"DEBUG=1",
					"$(inherited)",
				);
				INFOPLIST_FILE = NotificationProjectTests/Info.plist;
				LD_RUNPATH_SEARCH_PATHS = "$(inherited) @executable_path/Frameworks @loader_path/Frameworks";
				PRODUCT_NAME = "$(TARGET_NAME)";
				TEST_HOST = "$(BUILT_PRODUCTS_DIR)/NotificationProject.app/NotificationProject";
			};
			name = Debug;
		};
		4E7B5BCB1B4DEB9F007D6ABA /* Release */ = {
			isa = XCBuildConfiguration;
			buildSettings = {
				BUNDLE_LOADER = "$(TEST_HOST)";
				FRAMEWORK_SEARCH_PATHS = (
					"$(SDKROOT)/Developer/Library/Frameworks",
					"$(inherited)",
				);
				INFOPLIST_FILE = NotificationProjectTests/Info.plist;
				LD_RUNPATH_SEARCH_PATHS = "$(inherited) @executable_path/Frameworks @loader_path/Frameworks";
				PRODUCT_NAME = "$(TARGET_NAME)";
				TEST_HOST = "$(BUILT_PRODUCTS_DIR)/NotificationProject.app/NotificationProject";
			};
			name = Release;
		};
/* End XCBuildConfiguration section */

/* Begin XCConfigurationList section */
		4E7B5BA21B4DEB9F007D6ABA /* Build configuration list for PBXProject "NotificationProject" */ = {
			isa = XCConfigurationList;
			buildConfigurations = (
				4E7B5BC41B4DEB9F007D6ABA /* Debug */,
				4E7B5BC51B4DEB9F007D6ABA /* Release */,
			);
			defaultConfigurationIsVisible = 0;
			defaultConfigurationName = Release;
		};
		4E7B5BC61B4DEB9F007D6ABA /* Build configuration list for PBXNativeTarget "NotificationProject" */ = {
			isa = XCConfigurationList;
			buildConfigurations = (
				4E7B5BC71B4DEB9F007D6ABA /* Debug */,
				4E7B5BC81B4DEB9F007D6ABA /* Release */,
			);
			defaultConfigurationIsVisible = 0;
		};
		4E7B5BC91B4DEB9F007D6ABA /* Build configuration list for PBXNativeTarget "NotificationProjectTests" */ = {
			isa = XCConfigurationList;
			buildConfigurations = (
				4E7B5BCA1B4DEB9F007D6ABA /* Debug */,
				4E7B5BCB1B4DEB9F007D6ABA /* Release */,
			);
			defaultConfigurationIsVisible = 0;
		};
/* End XCConfigurationList section */
	};
	rootObject = 4E7B5B9F1B4DEB9F007D6ABA /* Project object */;
}
